schema: '2.0'
stages:
  data_ingestion:
    cmd: python src/data_ingestion.py
    deps:
    - path: src/data_ingestion.py
      hash: md5
      md5: b1b75460d9910107f46ce0a51d8a12a1
      size: 3637
    params:
      params.yaml:
        data_ingestion.test_size: 0.35
    outs:
    - path: data/raw
      hash: md5
      md5: 757976709af5b8e1a7266c169aa0ba6e.dir
      size: 484846
      nfiles: 2
  data_preprocessing:
    cmd: python src/data_preprocessing.py
    deps:
    - path: data/raw
      hash: md5
      md5: 757976709af5b8e1a7266c169aa0ba6e.dir
      size: 484846
      nfiles: 2
    - path: src/data_preprocessing.py
      hash: md5
      md5: a7249ef19306ed01d0b38aeb93a12832
      size: 4005
    outs:
    - path: data/interim
      hash: md5
      md5: b9f4f74b2f43532cf80427caa2a553ea.dir
      size: 263050
      nfiles: 2
  feature_engineering:
    cmd: python src/feature_engineering.py
    deps:
    - path: data/interim
      hash: md5
      md5: b9f4f74b2f43532cf80427caa2a553ea.dir
      size: 263050
      nfiles: 2
    - path: src/feature_engineering.py
      hash: md5
      md5: cf8448c21ab5f64a81b288de0c331814
      size: 3910
    params:
      params.yaml:
        feature_engineering.max_features: 30
    outs:
    - path: data/processed
      hash: md5
      md5: c84f432e5ef53c45e0fc07db1f02c941.dir
      size: 725047
      nfiles: 2
  model_building:
    cmd: python src/model_building.py
    deps:
    - path: data/processed
      hash: md5
      md5: c84f432e5ef53c45e0fc07db1f02c941.dir
      size: 725047
      nfiles: 2
    - path: src/model_building.py
      hash: md5
      md5: b8211d4fca24abd0f09602108ec58924
      size: 4423
    params:
      params.yaml:
        model_building.n_estimators: 23
        model_building.random_state: 2
    outs:
    - path: models/model.pkl
      hash: md5
      md5: fdeb7232323b98f66c076100eb7ea6d9
      size: 551390
  model_evaluation:
    cmd: python src/model_evaluation.py
    deps:
    - path: models/model.pkl
      hash: md5
      md5: fdeb7232323b98f66c076100eb7ea6d9
      size: 551390
    - path: src/model_evaluation.py
      hash: md5
      md5: 553abb63c25d201ab4732efe779df04d
      size: 4639
    outs:
    - path: reports/metrics.json
      hash: md5
      md5: 129014de08e7d0fdecdfe4a9e26b25fb
      size: 145
